{
  "nodes": {
    "flake-compat": {
      "flake": false,
      "locked": {
        "lastModified": 1733328505,
        "narHash": "sha256-NeCCThCEP3eCl2l/+27kNNK7QrwZB1IJCrXfrbv5oqU=",
        "owner": "edolstra",
        "repo": "flake-compat",
        "rev": "ff81ac966bb2cae68946d5ed5fc4994f96d0ffec",
        "type": "github"
      },
      "original": {
        "owner": "edolstra",
        "repo": "flake-compat",
        "type": "github"
      }
    },
    "home-manager": {
      "inputs": {
        "nixpkgs": [
          "nixpkgs"
        ]
      },
      "locked": {
        "lastModified": 1746796805,
        "narHash": "sha256-3FHV+A0Ssp6gRSZkhn3RhJYDIFnmbisKYDO3TdkhKhI=",
        "owner": "nix-community",
        "repo": "home-manager",
        "rev": "9e10d73cea313708e9f9b98114963fbaac6ec99b",
        "type": "github"
      },
      "original": {
        "owner": "nix-community",
        "repo": "home-manager",
        "type": "github"
      }
    },
    "nixos-wsl": {
      "inputs": {
        "flake-compat": "flake-compat",
        "nixpkgs": "nixpkgs"
      },
      "locked": {
        "lastModified": 1746453552,
        "narHash": "sha256-r66UGha+7KVHkI7ksrcMjnw/mm9Sg4l5bQlylxHwdGU=",
        "owner": "nix-community",
        "repo": "nixos-wsl",
        "rev": "be618645aa0adf461f778500172b6896d5ab2d01",
        "type": "github"
      },
      "original": {
        "owner": "nix-community",
        "repo": "nixos-wsl",
        "type": "github"
      }
    },
    "nixpkgs": {
      "locked": {
        "lastModified": 1742937945,
        "narHash": "sha256-lWc+79eZRyvHp/SqMhHTMzZVhpxkRvthsP1Qx6UCq0E=",
        "owner": "NixOS",
        "repo": "nixpkgs",
        "rev": "d02d88f8de5b882ccdde0465d8fa2db3aa1169f7",
        "type": "github"
      },
      "original": {
        "owner": "NixOS",
        "ref": "nixos-24.11",
        "repo": "nixpkgs",
        "type": "github"
      }
    },
    "nixpkgs_2": {
      "locked": {
        "lastModified": 1746663147,
        "narHash": "sha256-Ua0drDHawlzNqJnclTJGf87dBmaO/tn7iZ+TCkTRpRc=",
        "owner": "nixos",
        "repo": "nixpkgs",
        "rev": "dda3dcd3fe03e991015e9a74b22d35950f264a54",
        "type": "github"
      },
      "original": {
        "owner": "nixos",
        "ref": "nixos-unstable",
        "repo": "nixpkgs",
        "type": "github"
      }
    },
    "root": {
      "inputs": {
        "home-manager": "home-manager",
        "nixos-wsl": "nixos-wsl",
        "nixpkgs": "nixpkgs_2",
        "rust-overlay": "rust-overlay"
      }
    },
    "rust-overlay": {
      "inputs": {
        "nixpkgs": [
          "nixpkgs"
        ]
      },
      "locked": {
        "lastModified": 1746758179,
        "narHash": "sha256-JECUw1YBEsTsVauvupRzE5ykZaJoyhHCpoY87ZZJGas=",
        "owner": "oxalica",
        "repo": "rust-overlay",
        "rev": "4fd00513eac6b6140c5dced3e1b8133e2369a0f8",
        "type": "github"
      },
      "original": {
        "owner": "oxalica",
        "repo": "rust-overlay",
        "type": "github"
      }
    }
  },
  "root": "root",
  "version": 7
}
